// !$*UTF8*$!
{
	archiveVersion = 1;
	classes = {
	};
	objectVersion = 50;
	objects = {

/* Begin PBXBuildFile section */
		0B49E42022D4F256002EFC96 /* StatText.swift in Sources */ = {isa = PBXBuildFile; fileRef = 0B49E41F22D4F256002EFC96 /* StatText.swift */; };
		0B49E42222D63BA2002EFC96 /* PlayerRow.swift in Sources */ = {isa = PBXBuildFile; fileRef = 0B49E42122D63BA2002EFC96 /* PlayerRow.swift */; };
		0B49E42422D64904002EFC96 /* PlayerList.swift in Sources */ = {isa = PBXBuildFile; fileRef = 0B49E42322D64904002EFC96 /* PlayerList.swift */; };
		0BCFEAD422CFB28600D7E0BD /* AppDelegate.swift in Sources */ = {isa = PBXBuildFile; fileRef = 0BCFEAD322CFB28600D7E0BD /* AppDelegate.swift */; };
		0BCFEAD622CFB28600D7E0BD /* SceneDelegate.swift in Sources */ = {isa = PBXBuildFile; fileRef = 0BCFEAD522CFB28600D7E0BD /* SceneDelegate.swift */; };
		0BCFEAD822CFB28600D7E0BD /* ContentView.swift in Sources */ = {isa = PBXBuildFile; fileRef = 0BCFEAD722CFB28600D7E0BD /* ContentView.swift */; };
		0BCFEADA22CFB28800D7E0BD /* Assets.xcassets in Resources */ = {isa = PBXBuildFile; fileRef = 0BCFEAD922CFB28800D7E0BD /* Assets.xcassets */; };
		0BCFEADD22CFB28800D7E0BD /* Preview Assets.xcassets in Resources */ = {isa = PBXBuildFile; fileRef = 0BCFEADC22CFB28800D7E0BD /* Preview Assets.xcassets */; };
		0BCFEAE022CFB28800D7E0BD /* LaunchScreen.storyboard in Resources */ = {isa = PBXBuildFile; fileRef = 0BCFEADE22CFB28800D7E0BD /* LaunchScreen.storyboard */; };
		0BE3587922D3A39A00BED199 /* Player.swift in Sources */ = {isa = PBXBuildFile; fileRef = 0BE3587822D3A39A00BED199 /* Player.swift */; };
/* End PBXBuildFile section */

/* Begin PBXFileReference section */
		0B49E41F22D4F256002EFC96 /* StatText.swift */ = {isa = PBXFileReference; lastKnownFileType = sourcecode.swift; path = StatText.swift; sourceTree = "<group>"; };
		0B49E42122D63BA2002EFC96 /* PlayerRow.swift */ = {isa = PBXFileReference; lastKnownFileType = sourcecode.swift; path = PlayerRow.swift; sourceTree = "<group>"; };
		0B49E42322D64904002EFC96 /* PlayerList.swift */ = {isa = PBXFileReference; lastKnownFileType = sourcecode.swift; path = PlayerList.swift; sourceTree = "<group>"; };
		0BCFEAD022CFB28600D7E0BD /* NBAplayerFun.app */ = {isa = PBXFileReference; explicitFileType = wrapper.application; includeInIndex = 0; path = NBAplayerFun.app; sourceTree = BUILT_PRODUCTS_DIR; };
		0BCFEAD322CFB28600D7E0BD /* AppDelegate.swift */ = {isa = PBXFileReference; lastKnownFileType = sourcecode.swift; path = AppDelegate.swift; sourceTree = "<group>"; };
		0BCFEAD522CFB28600D7E0BD /* SceneDelegate.swift */ = {isa = PBXFileReference; lastKnownFileType = sourcecode.swift; path = SceneDelegate.swift; sourceTree = "<group>"; };
		0BCFEAD722CFB28600D7E0BD /* ContentView.swift */ = {isa = PBXFileReference; lastKnownFileType = sourcecode.swift; path = ContentView.swift; sourceTree = "<group>"; };
		0BCFEAD922CFB28800D7E0BD /* Assets.xcassets */ = {isa = PBXFileReference; lastKnownFileType = folder.assetcatalog; path = Assets.xcassets; sourceTree = "<group>"; };
		0BCFEADC22CFB28800D7E0BD /* Preview Assets.xcassets */ = {isa = PBXFileReference; lastKnownFileType = folder.assetcatalog; path = "Preview Assets.xcassets"; sourceTree = "<group>"; };
		0BCFEADF22CFB28800D7E0BD /* Base */ = {isa = PBXFileReference; lastKnownFileType = file.storyboard; name = Base; path = Base.lproj/LaunchScreen.storyboard; sourceTree = "<group>"; };
		0BCFEAE122CFB28800D7E0BD /* Info.plist */ = {isa = PBXFileReference; lastKnownFileType = text.plist.xml; path = Info.plist; sourceTree = "<group>"; };
		0BE3587822D3A39A00BED199 /* Player.swift */ = {isa = PBXFileReference; fileEncoding = 4; lastKnownFileType = sourcecode.swift; path = Player.swift; sourceTree = "<group>"; };
/* End PBXFileReference section */

/* Begin PBXFrameworksBuildPhase section */
		0BCFEACD22CFB28600D7E0BD /* Frameworks */ = {
			isa = PBXFrameworksBuildPhase;
			buildActionMask = 2147483647;
			files = (
			);
			runOnlyForDeploymentPostprocessing = 0;
		};
/* End PBXFrameworksBuildPhase section */

/* Begin PBXGroup section */
		0BCFEAC722CFB28600D7E0BD = {
			isa = PBXGroup;
			children = (
				0BCFEAD222CFB28600D7E0BD /* NBAplayerFun */,
				0BCFEAD122CFB28600D7E0BD /* Products */,
			);
			sourceTree = "<group>";
		};
		0BCFEAD122CFB28600D7E0BD /* Products */ = {
			isa = PBXGroup;
			children = (
				0BCFEAD022CFB28600D7E0BD /* NBAplayerFun.app */,
			);
			name = Products;
			sourceTree = "<group>";
		};
		0BCFEAD222CFB28600D7E0BD /* NBAplayerFun */ = {
			isa = PBXGroup;
			children = (
				0BCFEAD322CFB28600D7E0BD /* AppDelegate.swift */,
				0BE3587822D3A39A00BED199 /* Player.swift */,
				0BCFEAD522CFB28600D7E0BD /* SceneDelegate.swift */,
				0BCFEAD722CFB28600D7E0BD /* ContentView.swift */,
				0B49E42122D63BA2002EFC96 /* PlayerRow.swift */,
				0B49E41F22D4F256002EFC96 /* StatText.swift */,
				0B49E42322D64904002EFC96 /* PlayerList.swift */,
				0BCFEAD922CFB28800D7E0BD /* Assets.xcassets */,
				0BCFEADE22CFB28800D7E0BD /* LaunchScreen.storyboard */,
				0BCFEAE122CFB28800D7E0BD /* Info.plist */,
				0BCFEADB22CFB28800D7E0BD /* Preview Content */,
			);
			path = NBAplayerFun;
			sourceTree = "<group>";
		};
		0BCFEADB22CFB28800D7E0BD /* Preview Content */ = {
			isa = PBXGroup;
			children = (
				0BCFEADC22CFB28800D7E0BD /* Preview Assets.xcassets */,
			);
			path = "Preview Content";
			sourceTree = "<group>";
		};
/* End PBXGroup section */

/* Begin PBXNativeTarget section */
		0BCFEACF22CFB28600D7E0BD /* NBAplayerFun */ = {
			isa = PBXNativeTarget;
			buildConfigurationList = 0BCFEAE422CFB28800D7E0BD /* Build configuration list for PBXNativeTarget "NBAplayerFun" */;
			buildPhases = (
				0BCFEACC22CFB28600D7E0BD /* Sources */,
				0BCFEACD22CFB28600D7E0BD /* Frameworks */,
				0BCFEACE22CFB28600D7E0BD /* Resources */,
			);
			buildRules = (
			);
			dependencies = (
			);
			name = NBAplayerFun;
			productName = NBAplayerFun;
			productReference = 0BCFEAD022CFB28600D7E0BD /* NBAplayerFun.app */;
			productType = "com.apple.product-type.application";
		};
/* End PBXNativeTarget section */

/* Begin PBXProject section */
		0BCFEAC822CFB28600D7E0BD /* Project object */ = {
			isa = PBXProject;
			attributes = {
				LastSwiftUpdateCheck = 1100;
				LastUpgradeCheck = 1100;
				ORGANIZATIONNAME = "ioannis giannakidis";
				TargetAttributes = {
					0BCFEACF22CFB28600D7E0BD = {
						CreatedOnToolsVersion = 11.0;
					};
				};
			};
			buildConfigurationList = 0BCFEACB22CFB28600D7E0BD /* Build configuration list for PBXProject "NBAplayerFun" */;
			compatibilityVersion = "Xcode 9.3";
			developmentRegion = en;
			hasScannedForEncodings = 0;
			knownRegions = (
				en,
				Base,
			);
			mainGroup = 0BCFEAC722CFB28600D7E0BD;
			productRefGroup = 0BCFEAD122CFB28600D7E0BD /* Products */;
			projectDirPath = "";
			projectRoot = "";
			targets = (
				0BCFEACF22CFB28600D7E0BD /* NBAplayerFun */,
			);
		};
/* End PBXProject section */

/* Begin PBXResourcesBuildPhase section */
		0BCFEACE22CFB28600D7E0BD /* Resources */ = {
			isa = PBXResourcesBuildPhase;
			buildActionMask = 2147483647;
			files = (
				0BCFEAE022CFB28800D7E0BD /* LaunchScreen.storyboard in Resources */,
				0BCFEADD22CFB28800D7E0BD /* Preview Assets.xcassets in Resources */,
				0BCFEADA22CFB28800D7E0BD /* Assets.xcassets in Resources */,
			);
			runOnlyForDeploymentPostprocessing = 0;
		};
/* End PBXResourcesBuildPhase section */

/* Begin PBXSourcesBuildPhase section */
		0BCFEACC22CFB28600D7E0BD /* Sources */ = {
			isa = PBXSourcesBuildPhase;
			buildActionMask = 2147483647;
			files = (
				0BE3587922D3A39A00BED199 /* Player.swift in Sources */,
				0BCFEAD422CFB28600D7E0BD /* AppDelegate.swift in Sources */,
				0BCFEAD622CFB28600D7E0BD /* SceneDelegate.swift in Sources */,
				0BCFEAD822CFB28600D7E0BD /* ContentView.swift in Sources */,
				0B49E42022D4F256002EFC96 /* StatText.swift in Sources */,
				0B49E42422D64904002EFC96 /* PlayerList.swift in Sources */,
				0B49E42222D63BA2002EFC96 /* PlayerRow.swift in Sources */,
			);
			runOnlyForDeploymentPostprocessing = 0;
		};
/* End PBXSourcesBuildPhase section */

/* Begin PBXVariantGroup section */
		0BCFEADE22CFB28800D7E0BD /* LaunchScreen.storyboard */ = {
			isa = PBXVariantGroup;
			children = (
				0BCFEADF22CFB28800D7E0BD /* Base */,
			);
			name = LaunchScreen.storyboard;
			sourceTree = "<group>";
		};
/* End PBXVariantGroup section */

/* Begin XCBuildConfiguration section */
		0BCFEAE222CFB28800D7E0BD /* Debug */ = {
			isa = XCBuildConfiguration;
			buildSettings = {
				ALWAYS_SEARCH_USER_PATHS = NO;
				CLANG_ANALYZER_NONNULL = YES;
				CLANG_ANALYZER_NUMBER_OBJECT_CONVERSION = YES_AGGRESSIVE;
				CLANG_CXX_LANGUAGE_STANDARD = "gnu++14";
				CLANG_CXX_LIBRARY = "libc++";
				CLANG_ENABLE_MODULES = YES;
				CLANG_ENABLE_OBJC_ARC = YES;
				CLANG_ENABLE_OBJC_WEAK = YES;
				CLANG_WARN_BLOCK_CAPTURE_AUTORELEASING = YES;
				CLANG_WARN_BOOL_CONVERSION = YES;
				CLANG_WARN_COMMA = YES;
				CLANG_WARN_CONSTANT_CONVERSION = YES;
				CLANG_WARN_DEPRECATED_OBJC_IMPLEMENTATIONS = YES;
				CLANG_WARN_DIRECT_OBJC_ISA_USAGE = YES_ERROR;
				CLANG_WARN_DOCUMENTATION_COMMENTS = YES;
				CLANG_WARN_EMPTY_BODY = YES;
				CLANG_WARN_ENUM_CONVERSION = YES;
				CLANG_WARN_INFINITE_RECURSION = YES;
				CLANG_WARN_INT_CONVERSION = YES;
				CLANG_WARN_NON_LITERAL_NULL_CONVERSION = YES;
				CLANG_WARN_OBJC_IMPLICIT_RETAIN_SELF = YES;
				CLANG_WARN_OBJC_LITERAL_CONVERSION = YES;
				CLANG_WARN_OBJC_ROOT_CLASS = YES_ERROR;
				CLANG_WARN_RANGE_LOOP_ANALYSIS = YES;
				CLANG_WARN_STRICT_PROTOTYPES = YES;
				CLANG_WARN_SUSPICIOUS_MOVE = YES;
				CLANG_WARN_UNGUARDED_AVAILABILITY = YES_AGGRESSIVE;
				CLANG_WARN_UNREACHABLE_CODE = YES;
				CLANG_WARN__DUPLICATE_METHOD_MATCH = YES;
				COPY_PHASE_STRIP = NO;
				DEBUG_INFORMATION_FORMAT = dwarf;
				ENABLE_STRICT_OBJC_MSGSEND = YES;
				ENABLE_TESTABILITY = YES;
				GCC_C_LANGUAGE_STANDARD = gnu11;
				GCC_DYNAMIC_NO_PIC = NO;
				GCC_NO_COMMON_BLOCKS = YES;
				GCC_OPTIMIZATION_LEVEL = 0;
				GCC_PREPROCESSOR_DEFINITIONS = (
					"DEBUG=1",
					"$(inherited)",
				);
				GCC_WARN_64_TO_32_BIT_CONVERSION = YES;
				GCC_WARN_ABOUT_RETURN_TYPE = YES_ERROR;
				GCC_WARN_UNDECLARED_SELECTOR = YES;
				GCC_WARN_UNINITIALIZED_AUTOS = YES_AGGRESSIVE;
				GCC_WARN_UNUSED_FUNCTION = YES;
				GCC_WARN_UNUSED_VARIABLE = YES;
				IPHONEOS_DEPLOYMENT_TARGET = 13.0;
				MTL_ENABLE_DEBUG_INFO = INCLUDE_SOURCE;
				MTL_FAST_MATH = YES;
				ONLY_ACTIVE_ARCH = YES;
				SDKROOT = iphoneos;
				SWIFT_ACTIVE_COMPILATION_CONDITIONS = DEBUG;
				SWIFT_OPTIMIZATION_LEVEL = "-Onone";
			};
			name = Debug;
		};
		0BCFEAE322CFB28800D7E0BD /* Release */ = {
			isa = XCBuildConfiguration;
			buildSettings = {
				ALWAYS_SEARCH_USER_PATHS = NO;
				CLANG_ANALYZER_NONNULL = YES;
				CLANG_ANALYZER_NUMBER_OBJECT_CONVERSION = YES_AGGRESSIVE;
				CLANG_CXX_LANGUAGE_STANDARD = "gnu++14";
				CLANG_CXX_LIBRARY = "libc++";
				CLANG_ENABLE_MODULES = YES;
				CLANG_ENABLE_OBJC_ARC = YES;
				CLANG_ENABLE_OBJC_WEAK = YES;
				CLANG_WARN_BLOCK_CAPTURE_AUTORELEASING = YES;
				CLANG_WARN_BOOL_CONVERSION = YES;
				CLANG_WARN_COMMA = YES;
				CLANG_WARN_CONSTANT_CONVERSION = YES;
				CLANG_WARN_DEPRECATED_OBJC_IMPLEMENTATIONS = YES;
				CLANG_WARN_DIRECT_OBJC_ISA_USAGE = YES_ERROR;
				CLANG_WARN_DOCUMENTATION_COMMENTS = YES;
				CLANG_WARN_EMPTY_BODY = YES;
				CLANG_WARN_ENUM_CONVERSION = YES;
				CLANG_WARN_INFINITE_RECURSION = YES;
				CLANG_WARN_INT_CONVERSION = YES;
				CLANG_WARN_NON_LITERAL_NULL_CONVERSION = YES;
				CLANG_WARN_OBJC_IMPLICIT_RETAIN_SELF = YES;
				CLANG_WARN_OBJC_LITERAL_CONVERSION = YES;
				CLANG_WARN_OBJC_ROOT_CLASS = YES_ERROR;
				CLANG_WARN_RANGE_LOOP_ANALYSIS = YES;
				CLANG_WARN_STRICT_PROTOTYPES = YES;
				CLANG_WARN_SUSPICIOUS_MOVE = YES;
				CLANG_WARN_UNGUARDED_AVAILABILITY = YES_AGGRESSIVE;
				CLANG_WARN_UNREACHABLE_CODE = YES;
				CLANG_WARN__DUPLICATE_METHOD_MATCH = YES;
				COPY_PHASE_STRIP = NO;
				DEBUG_INFORMATION_FORMAT = "dwarf-with-dsym";
				ENABLE_NS_ASSERTIONS = NO;
				ENABLE_STRICT_OBJC_MSGSEND = YES;
				GCC_C_LANGUAGE_STANDARD = gnu11;
				GCC_NO_COMMON_BLOCKS = YES;
				GCC_WARN_64_TO_32_BIT_CONVERSION = YES;
				GCC_WARN_ABOUT_RETURN_TYPE = YES_ERROR;
				GCC_WARN_UNDECLARED_SELECTOR = YES;
				GCC_WARN_UNINITIALIZED_AUTOS = YES_AGGRESSIVE;
				GCC_WARN_UNUSED_FUNCTION = YES;
				GCC_WARN_UNUSED_VARIABLE = YES;
				IPHONEOS_DEPLOYMENT_TARGET = 13.0;
				MTL_ENABLE_DEBUG_INFO = NO;
				MTL_FAST_MATH = YES;
				SDKROOT = iphoneos;
				SWIFT_COMPILATION_MODE = wholemodule;
				SWIFT_OPTIMIZATION_LEVEL = "-O";
				VALIDATE_PRODUCT = YES;
			};
			name = Release;
		};
		0BCFEAE522CFB28800D7E0BD /* Debug */ = {
			isa = XCBuildConfiguration;
			buildSettings = {
				ASSETCATALOG_COMPILER_APPICON_NAME = AppIcon;
				CODE_SIGN_STYLE = Automatic;
				DEVELOPMENT_ASSET_PATHS = "NBAplayerFun/Preview\\ Content";
				DEVELOPMENT_TEAM = V793P5G6UR;
				ENABLE_PREVIEWS = YES;
				INFOPLIST_FILE = NBAplayerFun/Info.plist;
				LD_RUNPATH_SEARCH_PATHS = (
					"$(inherited)",
					"@executable_path/Frameworks",
				);
				PRODUCT_BUNDLE_IDENTIFIER = com.ioannisGiannakidis.NBAplayerFun;
				PRODUCT_NAME = "$(TARGET_NAME)";
				SWIFT_VERSION = 5.0;
				TARGETED_DEVICE_FAMILY = "1,2";
			};
			name = Debug;
		};
		0BCFEAE622CFB28800D7E0BD /* Release */ = {
			isa = XCBuildConfiguration;
			buildSettings = {
				ASSETCATALOG_COMPILER_APPICON_NAME = AppIcon;
				CODE_SIGN_STYLE = Automatic;
				DEVELOPMENT_ASSET_PATHS = "NBAplayerFun/Preview\\ Content";
				DEVELOPMENT_TEAM = V793P5G6UR;
				ENABLE_PREVIEWS = YES;
				INFOPLIST_FILE = NBAplayerFun/Info.plist;
				LD_RUNPATH_SEARCH_PATHS = (
					"$(inherited)",
					"@executable_path/Frameworks",
				);
				PRODUCT_BUNDLE_IDENTIFIER = com.ioannisGiannakidis.NBAplayerFun;
				PRODUCT_NAME = "$(TARGET_NAME)";
				SWIFT_VERSION = 5.0;
				TARGETED_DEVICE_FAMILY = "1,2";
			};
			name = Release;
		};
/* End XCBuildConfiguration section */

/* Begin XCConfigurationList section */
		0BCFEACB22CFB28600D7E0BD /* Build configuration list for PBXProject "NBAplayerFun" */ = {
			isa = XCConfigurationList;
			buildConfigurations = (
				0BCFEAE222CFB28800D7E0BD /* Debug */,
				0BCFEAE322CFB28800D7E0BD /* Release */,
			);
			defaultConfigurationIsVisible = 0;
			defaultConfigurationName = Release;
		};
		0BCFEAE422CFB28800D7E0BD /* Build configuration list for PBXNativeTarget "NBAplayerFun" */ = {
			isa = XCConfigurationList;
			buildConfigurations = (
				0BCFEAE522CFB28800D7E0BD /* Debug */,
				0BCFEAE622CFB28800D7E0BD /* Release */,
			);
			defaultConfigurationIsVisible = 0;
			defaultConfigurationName = Release;
		};
/* End XCConfigurationList section */
	};
	rootObject = 0BCFEAC822CFB28600D7E0BD /* Project object */;
}
